// !$*UTF8*$!
{
	archiveVersion = 1;
	classes = {
	};
	objectVersion = 50;
	objects = {

/* Begin PBXBuildFile section */
		703F306D2072A6FC00538776 /* AppDelegate.swift in Sources */ = {isa = PBXBuildFile; fileRef = 703F306C2072A6FC00538776 /* AppDelegate.swift */; };
		703F306F2072A6FC00538776 /* ViewController.swift in Sources */ = {isa = PBXBuildFile; fileRef = 703F306E2072A6FC00538776 /* ViewController.swift */; };
		703F30722072A6FC00538776 /* Main.storyboard in Resources */ = {isa = PBXBuildFile; fileRef = 703F30702072A6FC00538776 /* Main.storyboard */; };
		703F30742072A6FD00538776 /* Assets.xcassets in Resources */ = {isa = PBXBuildFile; fileRef = 703F30732072A6FD00538776 /* Assets.xcassets */; };
		703F30772072A6FD00538776 /* LaunchScreen.storyboard in Resources */ = {isa = PBXBuildFile; fileRef = 703F30752072A6FD00538776 /* LaunchScreen.storyboard */; };
		703F30822072A6FD00538776 /* foodQuizTests.swift in Sources */ = {isa = PBXBuildFile; fileRef = 703F30812072A6FD00538776 /* foodQuizTests.swift */; };
		703F308D2072A6FD00538776 /* foodQuizUITests.swift in Sources */ = {isa = PBXBuildFile; fileRef = 703F308C2072A6FD00538776 /* foodQuizUITests.swift */; };
/* End PBXBuildFile section */

/* Begin PBXContainerItemProxy section */
		703F307E2072A6FD00538776 /* PBXContainerItemProxy */ = {
			isa = PBXContainerItemProxy;
			containerPortal = 703F30612072A6FC00538776 /* Project object */;
			proxyType = 1;
			remoteGlobalIDString = 703F30682072A6FC00538776;
			remoteInfo = foodQuiz;
		};
		703F30892072A6FD00538776 /* PBXContainerItemProxy */ = {
			isa = PBXContainerItemProxy;
			containerPortal = 703F30612072A6FC00538776 /* Project object */;
			proxyType = 1;
			remoteGlobalIDString = 703F30682072A6FC00538776;
			remoteInfo = foodQuiz;
		};
/* End PBXContainerItemProxy section */

/* Begin PBXFileReference section */
		703F30692072A6FC00538776 /* foodQuiz.app */ = {isa = PBXFileReference; explicitFileType = wrapper.application; includeInIndex = 0; path = foodQuiz.app; sourceTree = BUILT_PRODUCTS_DIR; };
		703F306C2072A6FC00538776 /* AppDelegate.swift */ = {isa = PBXFileReference; lastKnownFileType = sourcecode.swift; path = AppDelegate.swift; sourceTree = "<group>"; };
		703F306E2072A6FC00538776 /* ViewController.swift */ = {isa = PBXFileReference; lastKnownFileType = sourcecode.swift; path = ViewController.swift; sourceTree = "<group>"; };
		703F30712072A6FC00538776 /* Base */ = {isa = PBXFileReference; lastKnownFileType = file.storyboard; name = Base; path = Base.lproj/Main.storyboard; sourceTree = "<group>"; };
		703F30732072A6FD00538776 /* Assets.xcassets */ = {isa = PBXFileReference; lastKnownFileType = folder.assetcatalog; path = Assets.xcassets; sourceTree = "<group>"; };
		703F30762072A6FD00538776 /* Base */ = {isa = PBXFileReference; lastKnownFileType = file.storyboard; name = Base; path = Base.lproj/LaunchScreen.storyboard; sourceTree = "<group>"; };
		703F30782072A6FD00538776 /* Info.plist */ = {isa = PBXFileReference; lastKnownFileType = text.plist.xml; path = Info.plist; sourceTree = "<group>"; };
		703F307D2072A6FD00538776 /* foodQuizTests.xctest */ = {isa = PBXFileReference; explicitFileType = wrapper.cfbundle; includeInIndex = 0; path = foodQuizTests.xctest; sourceTree = BUILT_PRODUCTS_DIR; };
		703F30812072A6FD00538776 /* foodQuizTests.swift */ = {isa = PBXFileReference; lastKnownFileType = sourcecode.swift; path = foodQuizTests.swift; sourceTree = "<group>"; };
		703F30832072A6FD00538776 /* Info.plist */ = {isa = PBXFileReference; lastKnownFileType = text.plist.xml; path = Info.plist; sourceTree = "<group>"; };
		703F30882072A6FD00538776 /* foodQuizUITests.xctest */ = {isa = PBXFileReference; explicitFileType = wrapper.cfbundle; includeInIndex = 0; path = foodQuizUITests.xctest; sourceTree = BUILT_PRODUCTS_DIR; };
		703F308C2072A6FD00538776 /* foodQuizUITests.swift */ = {isa = PBXFileReference; lastKnownFileType = sourcecode.swift; path = foodQuizUITests.swift; sourceTree = "<group>"; };
		703F308E2072A6FD00538776 /* Info.plist */ = {isa = PBXFileReference; lastKnownFileType = text.plist.xml; path = Info.plist; sourceTree = "<group>"; };
/* End PBXFileReference section */

/* Begin PBXFrameworksBuildPhase section */
		703F30662072A6FC00538776 /* Frameworks */ = {
			isa = PBXFrameworksBuildPhase;
			buildActionMask = 2147483647;
			files = (
			);
			runOnlyForDeploymentPostprocessing = 0;
		};
		703F307A2072A6FD00538776 /* Frameworks */ = {
			isa = PBXFrameworksBuildPhase;
			buildActionMask = 2147483647;
			files = (
			);
			runOnlyForDeploymentPostprocessing = 0;
		};
		703F30852072A6FD00538776 /* Frameworks */ = {
			isa = PBXFrameworksBuildPhase;
			buildActionMask = 2147483647;
			files = (
			);
			runOnlyForDeploymentPostprocessing = 0;
		};
/* End PBXFrameworksBuildPhase section */

/* Begin PBXGroup section */
		703F30602072A6FC00538776 = {
			isa = PBXGroup;
			children = (
				703F306B2072A6FC00538776 /* foodQuiz */,
				703F30802072A6FD00538776 /* foodQuizTests */,
				703F308B2072A6FD00538776 /* foodQuizUITests */,
				703F306A2072A6FC00538776 /* Products */,
			);
			sourceTree = "<group>";
		};
		703F306A2072A6FC00538776 /* Products */ = {
			isa = PBXGroup;
			children = (
				703F30692072A6FC00538776 /* foodQuiz.app */,
				703F307D2072A6FD00538776 /* foodQuizTests.xctest */,
				703F30882072A6FD00538776 /* foodQuizUITests.xctest */,
			);
			name = Products;
			sourceTree = "<group>";
		};
		703F306B2072A6FC00538776 /* foodQuiz */ = {
			isa = PBXGroup;
			children = (
				703F306C2072A6FC00538776 /* AppDelegate.swift */,
				703F306E2072A6FC00538776 /* ViewController.swift */,
				703F30702072A6FC00538776 /* Main.storyboard */,
				703F30732072A6FD00538776 /* Assets.xcassets */,
				703F30752072A6FD00538776 /* LaunchScreen.storyboard */,
				703F30782072A6FD00538776 /* Info.plist */,
			);
			path = foodQuiz;
			sourceTree = "<group>";
		};
		703F30802072A6FD00538776 /* foodQuizTests */ = {
			isa = PBXGroup;
			children = (
				703F30812072A6FD00538776 /* foodQuizTests.swift */,
				703F30832072A6FD00538776 /* Info.plist */,
			);
			path = foodQuizTests;
			sourceTree = "<group>";
		};
		703F308B2072A6FD00538776 /* foodQuizUITests */ = {
			isa = PBXGroup;
			children = (
				703F308C2072A6FD00538776 /* foodQuizUITests.swift */,
				703F308E2072A6FD00538776 /* Info.plist */,
			);
			path = foodQuizUITests;
			sourceTree = "<group>";
		};
/* End PBXGroup section */

/* Begin PBXNativeTarget section */
		703F30682072A6FC00538776 /* foodQuiz */ = {
			isa = PBXNativeTarget;
			buildConfigurationList = 703F30912072A6FD00538776 /* Build configuration list for PBXNativeTarget "foodQuiz" */;
			buildPhases = (
				703F30652072A6FC00538776 /* Sources */,
				703F30662072A6FC00538776 /* Frameworks */,
				703F30672072A6FC00538776 /* Resources */,
			);
			buildRules = (
			);
			dependencies = (
			);
			name = foodQuiz;
			productName = foodQuiz;
			productReference = 703F30692072A6FC00538776 /* foodQuiz.app */;
			productType = "com.apple.product-type.application";
		};
		703F307C2072A6FD00538776 /* foodQuizTests */ = {
			isa = PBXNativeTarget;
			buildConfigurationList = 703F30942072A6FD00538776 /* Build configuration list for PBXNativeTarget "foodQuizTests" */;
			buildPhases = (
				703F30792072A6FD00538776 /* Sources */,
				703F307A2072A6FD00538776 /* Frameworks */,
				703F307B2072A6FD00538776 /* Resources */,
			);
			buildRules = (
			);
			dependencies = (
				703F307F2072A6FD00538776 /* PBXTargetDependency */,
			);
			name = foodQuizTests;
			productName = foodQuizTests;
			productReference = 703F307D2072A6FD00538776 /* foodQuizTests.xctest */;
			productType = "com.apple.product-type.bundle.unit-test";
		};
		703F30872072A6FD00538776 /* foodQuizUITests */ = {
			isa = PBXNativeTarget;
			buildConfigurationList = 703F30972072A6FD00538776 /* Build configuration list for PBXNativeTarget "foodQuizUITests" */;
			buildPhases = (
				703F30842072A6FD00538776 /* Sources */,
				703F30852072A6FD00538776 /* Frameworks */,
				703F30862072A6FD00538776 /* Resources */,
			);
			buildRules = (
			);
			dependencies = (
				703F308A2072A6FD00538776 /* PBXTargetDependency */,
			);
			name = foodQuizUITests;
			productName = foodQuizUITests;
			productReference = 703F30882072A6FD00538776 /* foodQuizUITests.xctest */;
			productType = "com.apple.product-type.bundle.ui-testing";
		};
/* End PBXNativeTarget section */

/* Begin PBXProject section */
		703F30612072A6FC00538776 /* Project object */ = {
			isa = PBXProject;
			attributes = {
				LastSwiftUpdateCheck = 0930;
				LastUpgradeCheck = 0930;
				ORGANIZATIONNAME = "Rob Miguel";
				TargetAttributes = {
					703F30682072A6FC00538776 = {
						CreatedOnToolsVersion = 9.3;
					};
					703F307C2072A6FD00538776 = {
						CreatedOnToolsVersion = 9.3;
						TestTargetID = 703F30682072A6FC00538776;
					};
					703F30872072A6FD00538776 = {
						CreatedOnToolsVersion = 9.3;
						TestTargetID = 703F30682072A6FC00538776;
					};
				};
			};
			buildConfigurationList = 703F30642072A6FC00538776 /* Build configuration list for PBXProject "foodQuiz" */;
			compatibilityVersion = "Xcode 9.3";
			developmentRegion = en;
			hasScannedForEncodings = 0;
			knownRegions = (
				en,
				Base,
			);
			mainGroup = 703F30602072A6FC00538776;
			productRefGroup = 703F306A2072A6FC00538776 /* Products */;
			projectDirPath = "";
			projectRoot = "";
			targets = (
				703F30682072A6FC00538776 /* foodQuiz */,
				703F307C2072A6FD00538776 /* foodQuizTests */,
				703F30872072A6FD00538776 /* foodQuizUITests */,
			);
		};
/* End PBXProject section */

/* Begin PBXResourcesBuildPhase section */
		703F30672072A6FC00538776 /* Resources */ = {
			isa = PBXResourcesBuildPhase;
			buildActionMask = 2147483647;
			files = (
				703F30772072A6FD00538776 /* LaunchScreen.storyboard in Resources */,
				703F30742072A6FD00538776 /* Assets.xcassets in Resources */,
				703F30722072A6FC00538776 /* Main.storyboard in Resources */,
			);
			runOnlyForDeploymentPostprocessing = 0;
		};
		703F307B2072A6FD00538776 /* Resources */ = {
			isa = PBXResourcesBuildPhase;
			buildActionMask = 2147483647;
			files = (
			);
			runOnlyForDeploymentPostprocessing = 0;
		};
		703F30862072A6FD00538776 /* Resources */ = {
			isa = PBXResourcesBuildPhase;
			buildActionMask = 2147483647;
			files = (
			);
			runOnlyForDeploymentPostprocessing = 0;
		};
/* End PBXResourcesBuildPhase section */

/* Begin PBXSourcesBuildPhase section */
		703F30652072A6FC00538776 /* Sources */ = {
			isa = PBXSourcesBuildPhase;
			buildActionMask = 2147483647;
			files = (
				703F306F2072A6FC00538776 /* ViewController.swift in Sources */,
				703F306D2072A6FC00538776 /* AppDelegate.swift in Sources */,
			);
			runOnlyForDeploymentPostprocessing = 0;
		};
		703F30792072A6FD00538776 /* Sources */ = {
			isa = PBXSourcesBuildPhase;
			buildActionMask = 2147483647;
			files = (
				703F30822072A6FD00538776 /* foodQuizTests.swift in Sources */,
			);
			runOnlyForDeploymentPostprocessing = 0;
		};
		703F30842072A6FD00538776 /* Sources */ = {
			isa = PBXSourcesBuildPhase;
			buildActionMask = 2147483647;
			files = (
				703F308D2072A6FD00538776 /* foodQuizUITests.swift in Sources */,
			);
			runOnlyForDeploymentPostprocessing = 0;
		};
/* End PBXSourcesBuildPhase section */

/* Begin PBXTargetDependency section */
		703F307F2072A6FD00538776 /* PBXTargetDependency */ = {
			isa = PBXTargetDependency;
			target = 703F30682072A6FC00538776 /* foodQuiz */;
			targetProxy = 703F307E2072A6FD00538776 /* PBXContainerItemProxy */;
		};
		703F308A2072A6FD00538776 /* PBXTargetDependency */ = {
			isa = PBXTargetDependency;
			target = 703F30682072A6FC00538776 /* foodQuiz */;
			targetProxy = 703F30892072A6FD00538776 /* PBXContainerItemProxy */;
		};
/* End PBXTargetDependency section */

/* Begin PBXVariantGroup section */
		703F30702072A6FC00538776 /* Main.storyboard */ = {
			isa = PBXVariantGroup;
			children = (
				703F30712072A6FC00538776 /* Base */,
			);
			name = Main.storyboard;
			sourceTree = "<group>";
		};
		703F30752072A6FD00538776 /* LaunchScreen.storyboard */ = {
			isa = PBXVariantGroup;
			children = (
				703F30762072A6FD00538776 /* Base */,
			);
			name = LaunchScreen.storyboard;
			sourceTree = "<group>";
		};
/* End PBXVariantGroup section */

/* Begin XCBuildConfiguration section */
		703F308F2072A6FD00538776 /* Debug */ = {
			isa = XCBuildConfiguration;
			buildSettings = {
				ALWAYS_SEARCH_USER_PATHS = NO;
				CLANG_ANALYZER_NONNULL = YES;
				CLANG_ANALYZER_NUMBER_OBJECT_CONVERSION = YES_AGGRESSIVE;
				CLANG_CXX_LANGUAGE_STANDARD = "gnu++14";
				CLANG_CXX_LIBRARY = "libc++";
				CLANG_ENABLE_MODULES = YES;
				CLANG_ENABLE_OBJC_ARC = YES;
				CLANG_ENABLE_OBJC_WEAK = YES;
				CLANG_WARN_BLOCK_CAPTURE_AUTORELEASING = YES;
				CLANG_WARN_BOOL_CONVERSION = YES;
				CLANG_WARN_COMMA = YES;
				CLANG_WARN_CONSTANT_CONVERSION = YES;
				CLANG_WARN_DEPRECATED_OBJC_IMPLEMENTATIONS = YES;
				CLANG_WARN_DIRECT_OBJC_ISA_USAGE = YES_ERROR;
				CLANG_WARN_DOCUMENTATION_COMMENTS = YES;
				CLANG_WARN_EMPTY_BODY = YES;
				CLANG_WARN_ENUM_CONVERSION = YES;
				CLANG_WARN_INFINITE_RECURSION = YES;
				CLANG_WARN_INT_CONVERSION = YES;
				CLANG_WARN_NON_LITERAL_NULL_CONVERSION = YES;
				CLANG_WARN_OBJC_IMPLICIT_RETAIN_SELF = YES;
				CLANG_WARN_OBJC_LITERAL_CONVERSION = YES;
				CLANG_WARN_OBJC_ROOT_CLASS = YES_ERROR;
				CLANG_WARN_RANGE_LOOP_ANALYSIS = YES;
				CLANG_WARN_STRICT_PROTOTYPES = YES;
				CLANG_WARN_SUSPICIOUS_MOVE = YES;
				CLANG_WARN_UNGUARDED_AVAILABILITY = YES_AGGRESSIVE;
				CLANG_WARN_UNREACHABLE_CODE = YES;
				CLANG_WARN__DUPLICATE_METHOD_MATCH = YES;
				CODE_SIGN_IDENTITY = "iPhone Developer";
				COPY_PHASE_STRIP = NO;
				DEBUG_INFORMATION_FORMAT = dwarf;
				ENABLE_STRICT_OBJC_MSGSEND = YES;
				ENABLE_TESTABILITY = YES;
				GCC_C_LANGUAGE_STANDARD = gnu11;
				GCC_DYNAMIC_NO_PIC = NO;
				GCC_NO_COMMON_BLOCKS = YES;
				GCC_OPTIMIZATION_LEVEL = 0;
				GCC_PREPROCESSOR_DEFINITIONS = (
					"DEBUG=1",
					"$(inherited)",
				);
				GCC_WARN_64_TO_32_BIT_CONVERSION = YES;
				GCC_WARN_ABOUT_RETURN_TYPE = YES_ERROR;
				GCC_WARN_UNDECLARED_SELECTOR = YES;
				GCC_WARN_UNINITIALIZED_AUTOS = YES_AGGRESSIVE;
				GCC_WARN_UNUSED_FUNCTION = YES;
				GCC_WARN_UNUSED_VARIABLE = YES;
				IPHONEOS_DEPLOYMENT_TARGET = 11.3;
				MTL_ENABLE_DEBUG_INFO = YES;
				ONLY_ACTIVE_ARCH = YES;
				SDKROOT = iphoneos;
				SWIFT_ACTIVE_COMPILATION_CONDITIONS = DEBUG;
				SWIFT_OPTIMIZATION_LEVEL = "-Onone";
			};
			name = Debug;
		};
		703F30902072A6FD00538776 /* Release */ = {
			isa = XCBuildConfiguration;
			buildSettings = {
				ALWAYS_SEARCH_USER_PATHS = NO;
				CLANG_ANALYZER_NONNULL = YES;
				CLANG_ANALYZER_NUMBER_OBJECT_CONVERSION = YES_AGGRESSIVE;
				CLANG_CXX_LANGUAGE_STANDARD = "gnu++14";
				CLANG_CXX_LIBRARY = "libc++";
				CLANG_ENABLE_MODULES = YES;
				CLANG_ENABLE_OBJC_ARC = YES;
				CLANG_ENABLE_OBJC_WEAK = YES;
				CLANG_WARN_BLOCK_CAPTURE_AUTORELEASING = YES;
				CLANG_WARN_BOOL_CONVERSION = YES;
				CLANG_WARN_COMMA = YES;
				CLANG_WARN_CONSTANT_CONVERSION = YES;
				CLANG_WARN_DEPRECATED_OBJC_IMPLEMENTATIONS = YES;
				CLANG_WARN_DIRECT_OBJC_ISA_USAGE = YES_ERROR;
				CLANG_WARN_DOCUMENTATION_COMMENTS = YES;
				CLANG_WARN_EMPTY_BODY = YES;
				CLANG_WARN_ENUM_CONVERSION = YES;
				CLANG_WARN_INFINITE_RECURSION = YES;
				CLANG_WARN_INT_CONVERSION = YES;
				CLANG_WARN_NON_LITERAL_NULL_CONVERSION = YES;
				CLANG_WARN_OBJC_IMPLICIT_RETAIN_SELF = YES;
				CLANG_WARN_OBJC_LITERAL_CONVERSION = YES;
				CLANG_WARN_OBJC_ROOT_CLASS = YES_ERROR;
				CLANG_WARN_RANGE_LOOP_ANALYSIS = YES;
				CLANG_WARN_STRICT_PROTOTYPES = YES;
				CLANG_WARN_SUSPICIOUS_MOVE = YES;
				CLANG_WARN_UNGUARDED_AVAILABILITY = YES_AGGRESSIVE;
				CLANG_WARN_UNREACHABLE_CODE = YES;
				CLANG_WARN__DUPLICATE_METHOD_MATCH = YES;
				CODE_SIGN_IDENTITY = "iPhone Developer";
				COPY_PHASE_STRIP = NO;
				DEBUG_INFORMATION_FORMAT = "dwarf-with-dsym";
				ENABLE_NS_ASSERTIONS = NO;
				ENABLE_STRICT_OBJC_MSGSEND = YES;
				GCC_C_LANGUAGE_STANDARD = gnu11;
				GCC_NO_COMMON_BLOCKS = YES;
				GCC_WARN_64_TO_32_BIT_CONVERSION = YES;
				GCC_WARN_ABOUT_RETURN_TYPE = YES_ERROR;
				GCC_WARN_UNDECLARED_SELECTOR = YES;
				GCC_WARN_UNINITIALIZED_AUTOS = YES_AGGRESSIVE;
				GCC_WARN_UNUSED_FUNCTION = YES;
				GCC_WARN_UNUSED_VARIABLE = YES;
				IPHONEOS_DEPLOYMENT_TARGET = 11.3;
				MTL_ENABLE_DEBUG_INFO = NO;
				SDKROOT = iphoneos;
				SWIFT_COMPILATION_MODE = wholemodule;
				SWIFT_OPTIMIZATION_LEVEL = "-O";
				VALIDATE_PRODUCT = YES;
			};
			name = Release;
		};
		703F30922072A6FD00538776 /* Debug */ = {
			isa = XCBuildConfiguration;
			buildSettings = {
				ASSETCATALOG_COMPILER_APPICON_NAME = AppIcon;
				CODE_SIGN_STYLE = Automatic;
				DEVELOPMENT_TEAM = T49339QP9C;
				INFOPLIST_FILE = foodQuiz/Info.plist;
				LD_RUNPATH_SEARCH_PATHS = (
					"$(inherited)",
					"@executable_path/Frameworks",
				);
				PRODUCT_BUNDLE_IDENTIFIER = com.robmgl.foodQuiz;
				PRODUCT_NAME = "$(TARGET_NAME)";
				SWIFT_VERSION = 4.0;
				TARGETED_DEVICE_FAMILY = "1,2";
			};
			name = Debug;
		};
		703F30932072A6FD00538776 /* Release */ = {
			isa = XCBuildConfiguration;
			buildSettings = {
				ASSETCATALOG_COMPILER_APPICON_NAME = AppIcon;
				CODE_SIGN_STYLE = Automatic;
				DEVELOPMENT_TEAM = T49339QP9C;
				INFOPLIST_FILE = foodQuiz/Info.plist;
				LD_RUNPATH_SEARCH_PATHS = (
					"$(inherited)",
					"@executable_path/Frameworks",
				);
				PRODUCT_BUNDLE_IDENTIFIER = com.robmgl.foodQuiz;
				PRODUCT_NAME = "$(TARGET_NAME)";
				SWIFT_VERSION = 4.0;
				TARGETED_DEVICE_FAMILY = "1,2";
			};
			name = Release;
		};
		703F30952072A6FD00538776 /* Debug */ = {
			isa = XCBuildConfiguration;
			buildSettings = {
				ALWAYS_EMBED_SWIFT_STANDARD_LIBRARIES = YES;
				BUNDLE_LOADER = "$(TEST_HOST)";
				CODE_SIGN_STYLE = Automatic;
				DEVELOPMENT_TEAM = T49339QP9C;
				INFOPLIST_FILE = foodQuizTests/Info.plist;
				LD_RUNPATH_SEARCH_PATHS = (
					"$(inherited)",
					"@executable_path/Frameworks",
					"@loader_path/Frameworks",
				);
				PRODUCT_BUNDLE_IDENTIFIER = com.robmgl.foodQuizTests;
				PRODUCT_NAME = "$(TARGET_NAME)";
				SWIFT_VERSION = 4.0;
				TARGETED_DEVICE_FAMILY = "1,2";
				TEST_HOST = "$(BUILT_PRODUCTS_DIR)/foodQuiz.app/foodQuiz";
			};
			name = Debug;
		};
		703F30962072A6FD00538776 /* Release */ = {
			isa = XCBuildConfiguration;
			buildSettings = {
				ALWAYS_EMBED_SWIFT_STANDARD_LIBRARIES = YES;
				BUNDLE_LOADER = "$(TEST_HOST)";
				CODE_SIGN_STYLE = Automatic;
				DEVELOPMENT_TEAM = T49339QP9C;
				INFOPLIST_FILE = foodQuizTests/Info.plist;
				LD_RUNPATH_SEARCH_PATHS = (
					"$(inherited)",
					"@executable_path/Frameworks",
					"@loader_path/Frameworks",
				);
				PRODUCT_BUNDLE_IDENTIFIER = com.robmgl.foodQuizTests;
				PRODUCT_NAME = "$(TARGET_NAME)";
				SWIFT_VERSION = 4.0;
				TARGETED_DEVICE_FAMILY = "1,2";
				TEST_HOST = "$(BUILT_PRODUCTS_DIR)/foodQuiz.app/foodQuiz";
			};
			name = Release;
		};
		703F30982072A6FD00538776 /* Debug */ = {
			isa = XCBuildConfiguration;
			buildSettings = {
				ALWAYS_EMBED_SWIFT_STANDARD_LIBRARIES = YES;
				CODE_SIGN_STYLE = Automatic;
				DEVELOPMENT_TEAM = T49339QP9C;
				INFOPLIST_FILE = foodQuizUITests/Info.plist;
				LD_RUNPATH_SEARCH_PATHS = (
					"$(inherited)",
					"@executable_path/Frameworks",
					"@loader_path/Frameworks",
				);
				PRODUCT_BUNDLE_IDENTIFIER = com.robmgl.foodQuizUITests;
				PRODUCT_NAME = "$(TARGET_NAME)";
				SWIFT_VERSION = 4.0;
				TARGETED_DEVICE_FAMILY = "1,2";
				TEST_TARGET_NAME = foodQuiz;
			};
			name = Debug;
		};
		703F30992072A6FD00538776 /* Release */ = {
			isa = XCBuildConfiguration;
			buildSettings = {
				ALWAYS_EMBED_SWIFT_STANDARD_LIBRARIES = YES;
				CODE_SIGN_STYLE = Automatic;
				DEVELOPMENT_TEAM = T49339QP9C;
				INFOPLIST_FILE = foodQuizUITests/Info.plist;
				LD_RUNPATH_SEARCH_PATHS = (
					"$(inherited)",
					"@executable_path/Frameworks",
					"@loader_path/Frameworks",
				);
				PRODUCT_BUNDLE_IDENTIFIER = com.robmgl.foodQuizUITests;
				PRODUCT_NAME = "$(TARGET_NAME)";
				SWIFT_VERSION = 4.0;
				TARGETED_DEVICE_FAMILY = "1,2";
				TEST_TARGET_NAME = foodQuiz;
			};
			name = Release;
		};
/* End XCBuildConfiguration section */

/* Begin XCConfigurationList section */
		703F30642072A6FC00538776 /* Build configuration list for PBXProject "foodQuiz" */ = {
			isa = XCConfigurationList;
			buildConfigurations = (
				703F308F2072A6FD00538776 /* Debug */,
				703F30902072A6FD00538776 /* Release */,
			);
			defaultConfigurationIsVisible = 0;
			defaultConfigurationName = Release;
		};
		703F30912072A6FD00538776 /* Build configuration list for PBXNativeTarget "foodQuiz" */ = {
			isa = XCConfigurationList;
			buildConfigurations = (
				703F30922072A6FD00538776 /* Debug */,
				703F30932072A6FD00538776 /* Release */,
			);
			defaultConfigurationIsVisible = 0;
			defaultConfigurationName = Release;
		};
		703F30942072A6FD00538776 /* Build configuration list for PBXNativeTarget "foodQuizTests" */ = {
			isa = XCConfigurationList;
			buildConfigurations = (
				703F30952072A6FD00538776 /* Debug */,
				703F30962072A6FD00538776 /* Release */,
			);
			defaultConfigurationIsVisible = 0;
			defaultConfigurationName = Release;
		};
		703F30972072A6FD00538776 /* Build configuration list for PBXNativeTarget "foodQuizUITests" */ = {
			isa = XCConfigurationList;
			buildConfigurations = (
				703F30982072A6FD00538776 /* Debug */,
				703F30992072A6FD00538776 /* Release */,
			);
			defaultConfigurationIsVisible = 0;
			defaultConfigurationName = Release;
		};
/* End XCConfigurationList section */
	};
	rootObject = 703F30612072A6FC00538776 /* Project object */;
}
